
Microsoft Visual Studio Solution File, Format Version 12.00
# Visual Studio Version 17
VisualStudioVersion = 17.9.34723.18
MinimumVisualStudioVersion = 10.0.40219.1
Project("{9A19103F-16F7-4668-BE54-9A1E7A4F7556}") = "KudomionApp", "KudomionApp.csproj", "{55C41886-025E-41E7-903D-9098BA87A793}"
EndProject
Global
	GlobalSection(SolutionConfigurationPlatforms) = preSolution
		Debug|Any CPU = Debug|Any CPU
		Release|Any CPU = Release|Any CPU
	EndGlobalSection
	GlobalSection(ProjectConfigurationPlatforms) = postSolution
		{55C41886-025E-41E7-903D-9098BA87A793}.Debug|Any CPU.ActiveCfg = Debug|Any CPU
		{55C41886-025E-41E7-903D-9098BA87A793}.Debug|Any CPU.Build.0 = Debug|Any CPU
		{55C41886-025E-41E7-903D-9098BA87A793}.Debug|Any CPU.Deploy.0 = Debug|Any CPU
		{55C41886-025E-41E7-903D-9098BA87A793}.Release|Any CPU.ActiveCfg = Release|Any CPU
		{55C41886-025E-41E7-903D-9098BA87A793}.Release|Any CPU.Build.0 = Release|Any CPU
		{55C41886-025E-41E7-903D-9098BA87A793}.Release|Any CPU.Deploy.0 = Release|Any CPU
	EndGlobalSection
	GlobalSection(SolutionProperties) = preSolution
		HideSolutionNode = FALSE
	EndGlobalSection
	GlobalSection(ExtensibilityGlobals) = postSolution
		SolutionGuid = {85AA31D6-169E-47DA-877F-1CB0C391F557}
	EndGlobalSection
EndGlobal
